
Microsoft Visual Studio Solution File, Format Version 12.00
# Visual Studio Version 17
VisualStudioVersion = 17.0.31903.59
MinimumVisualStudioVersion = 10.0.40219.1
Project("{FAE04EC0-301F-11D3-BF4B-00C04F79EFBC}") = "RetoTecnico.API", "RetoTecnico.API\RetoTecnico.API.csproj", "{75AEB0E3-49EF-4670-8052-3764D4F46FBE}"
EndProject
Project("{FAE04EC0-301F-11D3-BF4B-00C04F79EFBC}") = "RetoTecnico.Domain", "RetoTecnico.Domain\RetoTecnico.Domain.csproj", "{EB27EB48-9A80-4895-B8B0-8B382A1AD362}"
EndProject
Project("{FAE04EC0-301F-11D3-BF4B-00C04F79EFBC}") = "RetoTecnico.Application", "RetoTecnico.Application\RetoTecnico.Application.csproj", "{9F189CBF-6A19-4417-B5A1-1E9BB54B45B5}"
EndProject
Project("{FAE04EC0-301F-11D3-BF4B-00C04F79EFBC}") = "RetoTecnico.Infrastructure", "RetoTecnico.Infrastructure\RetoTecnico.Infrastructure.csproj", "{ED715F26-3814-47FD-BE26-13860E04DCF9}"
EndProject
Global
	GlobalSection(SolutionConfigurationPlatforms) = preSolution
		Debug|Any CPU = Debug|Any CPU
		Release|Any CPU = Release|Any CPU
	EndGlobalSection
	GlobalSection(SolutionProperties) = preSolution
		HideSolutionNode = FALSE
	EndGlobalSection
	GlobalSection(ProjectConfigurationPlatforms) = postSolution
		{75AEB0E3-49EF-4670-8052-3764D4F46FBE}.Debug|Any CPU.ActiveCfg = Debug|Any CPU
		{75AEB0E3-49EF-4670-8052-3764D4F46FBE}.Debug|Any CPU.Build.0 = Debug|Any CPU
		{75AEB0E3-49EF-4670-8052-3764D4F46FBE}.Release|Any CPU.ActiveCfg = Release|Any CPU
		{75AEB0E3-49EF-4670-8052-3764D4F46FBE}.Release|Any CPU.Build.0 = Release|Any CPU
		{EB27EB48-9A80-4895-B8B0-8B382A1AD362}.Debug|Any CPU.ActiveCfg = Debug|Any CPU
		{EB27EB48-9A80-4895-B8B0-8B382A1AD362}.Debug|Any CPU.Build.0 = Debug|Any CPU
		{EB27EB48-9A80-4895-B8B0-8B382A1AD362}.Release|Any CPU.ActiveCfg = Release|Any CPU
		{EB27EB48-9A80-4895-B8B0-8B382A1AD362}.Release|Any CPU.Build.0 = Release|Any CPU
		{9F189CBF-6A19-4417-B5A1-1E9BB54B45B5}.Debug|Any CPU.ActiveCfg = Debug|Any CPU
		{9F189CBF-6A19-4417-B5A1-1E9BB54B45B5}.Debug|Any CPU.Build.0 = Debug|Any CPU
		{9F189CBF-6A19-4417-B5A1-1E9BB54B45B5}.Release|Any CPU.ActiveCfg = Release|Any CPU
		{9F189CBF-6A19-4417-B5A1-1E9BB54B45B5}.Release|Any CPU.Build.0 = Release|Any CPU
		{ED715F26-3814-47FD-BE26-13860E04DCF9}.Debug|Any CPU.ActiveCfg = Debug|Any CPU
		{ED715F26-3814-47FD-BE26-13860E04DCF9}.Debug|Any CPU.Build.0 = Debug|Any CPU
		{ED715F26-3814-47FD-BE26-13860E04DCF9}.Release|Any CPU.ActiveCfg = Release|Any CPU
		{ED715F26-3814-47FD-BE26-13860E04DCF9}.Release|Any CPU.Build.0 = Release|Any CPU
	EndGlobalSection
EndGlobal
